# THIS IS AN AUTOGENERATED FILE. DO NOT EDIT THIS FILE DIRECTLY.
# yarn lockfile v1


jquery-match-height@^0.7.2:
  version "0.7.2"
  resolved "https://registry.yarnpkg.com/jquery-match-height/-/jquery-match-height-0.7.2.tgz#f8d9f3ba5314daab109cf07408674be204be5f0e"

jquery@^3.5.0:
  version "3.5.0"
  resolved "https://registry.yarnpkg.com/jquery/-/jquery-3.5.0.tgz#9980b97d9e4194611c36530e7dc46a58d7340fc9"
